{
    "name": "node-red-contrib-aws-stream-manager",
    "version": "1.0.0",
    "lockfileVersion": 2,
    "requires": true,
    "packages": {
        "": {
            "version": "1.0.0",
            "license": "Apache-2.0",
            "dependencies": {
                "aws-greengrass-stream-manager-sdk": "github:massi-ang/aws-greengrass-stream-manager-sdk-js",
                "cbor": "^5.2.0"
            },
            "devDependencies": {}
        },
        "node_modules/aws-greengrass-stream-manager-sdk": {
            "version": "1.1.0",
            "resolved": "git+ssh://git@github.com/massi-ang/aws-greengrass-stream-manager-sdk-js.git#f43135733cd4bca66961c25b7005a672aef673b1",
            "license": "Apache-2.0",
            "dependencies": {
                "cbor": "5.0.1"
            }
        },
        "node_modules/aws-greengrass-stream-manager-sdk/node_modules/cbor": {
            "version": "5.0.1",
            "resolved": "https://registry.npmjs.org/cbor/-/cbor-5.0.1.tgz",
            "integrity": "sha512-l4ghwqioCyuAaD3LvY4ONwv8NMuERz62xjbMHGdWBqERJPygVmoFER1b4+VS6iW0rXwoVGuKZPPPTofwWOg3YQ==",
            "dependencies": {
                "bignumber.js": "^9.0.0",
                "nofilter": "^1.0.3"
            },
            "engines": {
                "node": ">=6.0.0"
            }
        },
        "node_modules/bignumber.js": {
            "version": "9.0.1",
            "resolved": "https://registry.npmjs.org/bignumber.js/-/bignumber.js-9.0.1.tgz",
            "integrity": "sha512-IdZR9mh6ahOBv/hYGiXyVuyCetmGJhtYkqLBpTStdhEGjegpPlUawydyaF3pbIOFynJTpllEs+NP+CS9jKFLjA==",
            "engines": {
                "node": "*"
            }
        },
        "node_modules/cbor": {
            "version": "5.2.0",
            "resolved": "https://registry.npmjs.org/cbor/-/cbor-5.2.0.tgz",
            "integrity": "sha512-5IMhi9e1QU76ppa5/ajP1BmMWZ2FHkhAhjeVKQ/EFCgYSEaeVaoGtL7cxJskf9oCCk+XjzaIdc3IuU/dbA/o2A==",
            "dependencies": {
                "bignumber.js": "^9.0.1",
                "nofilter": "^1.0.4"
            },
            "engines": {
                "node": ">=6.0.0"
            }
        },
        "node_modules/nofilter": {
            "version": "1.0.4",
            "resolved": "https://registry.npmjs.org/nofilter/-/nofilter-1.0.4.tgz",
            "integrity": "sha512-N8lidFp+fCz+TD51+haYdbDGrcBWwuHX40F5+z0qkUjMJ5Tp+rdSuAkMJ9N9eoolDlEVTf6u5icM+cNKkKW2mA==",
            "engines": {
                "node": ">=8"
            }
        }
    },
    "dependencies": {
        "aws-greengrass-stream-manager-sdk": {
            "version": "git+ssh://git@github.com/massi-ang/aws-greengrass-stream-manager-sdk-js.git#f43135733cd4bca66961c25b7005a672aef673b1",
            "from": "aws-greengrass-stream-manager-sdk@https://github.com/massi-ang/aws-greengrass-stream-manager-sdk-js",
            "requires": {
                "cbor": "5.0.1"
            },
            "dependencies": {
                "cbor": {
                    "version": "5.0.1",
                    "resolved": "https://registry.npmjs.org/cbor/-/cbor-5.0.1.tgz",
                    "integrity": "sha512-l4ghwqioCyuAaD3LvY4ONwv8NMuERz62xjbMHGdWBqERJPygVmoFER1b4+VS6iW0rXwoVGuKZPPPTofwWOg3YQ==",
                    "requires": {
                        "bignumber.js": "^9.0.0",
                        "nofilter": "^1.0.3"
                    }
                }
            }
        },
        "bignumber.js": {
            "version": "9.0.1",
            "resolved": "https://registry.npmjs.org/bignumber.js/-/bignumber.js-9.0.1.tgz",
            "integrity": "sha512-IdZR9mh6ahOBv/hYGiXyVuyCetmGJhtYkqLBpTStdhEGjegpPlUawydyaF3pbIOFynJTpllEs+NP+CS9jKFLjA=="
        },
        "cbor": {
            "version": "5.2.0",
            "resolved": "https://registry.npmjs.org/cbor/-/cbor-5.2.0.tgz",
            "integrity": "sha512-5IMhi9e1QU76ppa5/ajP1BmMWZ2FHkhAhjeVKQ/EFCgYSEaeVaoGtL7cxJskf9oCCk+XjzaIdc3IuU/dbA/o2A==",
            "requires": {
                "bignumber.js": "^9.0.1",
                "nofilter": "^1.0.4"
            }
        },
        "nofilter": {
            "version": "1.0.4",
            "resolved": "https://registry.npmjs.org/nofilter/-/nofilter-1.0.4.tgz",
            "integrity": "sha512-N8lidFp+fCz+TD51+haYdbDGrcBWwuHX40F5+z0qkUjMJ5Tp+rdSuAkMJ9N9eoolDlEVTf6u5icM+cNKkKW2mA=="
        }
    }
}
